# This file was autogenerated by Stack.
# You should not edit this file by hand.
# For more information, please see the documentation at:
#   https://docs.haskellstack.org/en/stable/topics/lock_files

packages:
- completed:
    hackage: blake3-0.3.1@sha256:d514a6c7ea1da9245311c5f91113453f14e2dfa31f1e8aff35481cb6acab4d46,2850
    pantry-tree:
      sha256: d9deb30a167a678124fe34da436bcb0c8cf8ae1897197e4b9d0fa05ae3eaf5e1
      size: 1649
  original:
    hackage: blake3-0.3.1
snapshots:
- completed:
    sha256: 4a606908cf52ec897258bf6a7d6c7c464f0463a9ff05904a79758c545e4a9aec
    size: 759715
    url: https://raw.githubusercontent.com/commercialhaskell/stackage-snapshots/master/nightly/2026/7/27.yaml
  original: nightly-2026-07-27
